{
  "name": "uuid-ksuid-nanoid",
  "version": "1.0.0",
  "lockfileVersion": 2,
  "requires": true,
  "packages": {
    "": {
      "name": "uuid-ksuid-nanoid",
      "version": "1.0.0",
      "license": "ISC",
      "dependencies": {
        "ksuid": "^3.0.0",
        "nanoid": "^4.0.0",
        "uuid": "^9.0.0"
      }
    },
    "node_modules/base-convert-int-array": {
      "version": "1.0.1",
      "resolved": "https://registry.npmjs.org/base-convert-int-array/-/base-convert-int-array-1.0.1.tgz",
      "integrity": "sha512-NWqzaoXx8L/SS32R+WmKqnQkVXVYl2PwNJ68QV3RAlRRL1uV+yxJT66abXI1cAvqCXQTyXr7/9NN4Af90/zDVw=="
    },
    "node_modules/ksuid": {
      "version": "3.0.0",
      "resolved": "https://registry.npmjs.org/ksuid/-/ksuid-3.0.0.tgz",
      "integrity": "sha512-81CkBGn/06ZVAjGvFZi6fVG8VcPeMH0JpJ4V1Z9VwrMMaGIeAjY4jrVdrIcxhL9I2ZUU6t5uiyswcmkk+KZegA==",
      "dependencies": {
        "base-convert-int-array": "^1.0.1"
      }
    },
    "node_modules/nanoid": {
      "version": "4.0.0",
      "resolved": "https://registry.npmjs.org/nanoid/-/nanoid-4.0.0.tgz",
      "integrity": "sha512-IgBP8piMxe/gf73RTQx7hmnhwz0aaEXYakvqZyE302IXW3HyVNhdNGC+O2MwMAVhLEnvXlvKtGbtJf6wvHihCg==",
      "bin": {
        "nanoid": "bin/nanoid.js"
      },
      "engines": {
        "node": "^14 || ^16 || >=18"
      }
    },
    "node_modules/uuid": {
      "version": "9.0.0",
      "resolved": "https://registry.npmjs.org/uuid/-/uuid-9.0.0.tgz",
      "integrity": "sha512-MXcSTerfPa4uqyzStbRoTgt5XIe3x5+42+q1sDuy3R5MDk66URdLMOZe5aPX/SQd+kuYAh0FdP/pO28IkQyTeg==",
      "bin": {
        "uuid": "dist/bin/uuid"
      }
    }
  },
  "dependencies": {
    "base-convert-int-array": {
      "version": "1.0.1",
      "resolved": "https://registry.npmjs.org/base-convert-int-array/-/base-convert-int-array-1.0.1.tgz",
      "integrity": "sha512-NWqzaoXx8L/SS32R+WmKqnQkVXVYl2PwNJ68QV3RAlRRL1uV+yxJT66abXI1cAvqCXQTyXr7/9NN4Af90/zDVw=="
    },
    "ksuid": {
      "version": "3.0.0",
      "resolved": "https://registry.npmjs.org/ksuid/-/ksuid-3.0.0.tgz",
      "integrity": "sha512-81CkBGn/06ZVAjGvFZi6fVG8VcPeMH0JpJ4V1Z9VwrMMaGIeAjY4jrVdrIcxhL9I2ZUU6t5uiyswcmkk+KZegA==",
      "requires": {
        "base-convert-int-array": "^1.0.1"
      }
    },
    "nanoid": {
      "version": "4.0.0",
      "resolved": "https://registry.npmjs.org/nanoid/-/nanoid-4.0.0.tgz",
      "integrity": "sha512-IgBP8piMxe/gf73RTQx7hmnhwz0aaEXYakvqZyE302IXW3HyVNhdNGC+O2MwMAVhLEnvXlvKtGbtJf6wvHihCg=="
    },
    "uuid": {
      "version": "9.0.0",
      "resolved": "https://registry.npmjs.org/uuid/-/uuid-9.0.0.tgz",
      "integrity": "sha512-MXcSTerfPa4uqyzStbRoTgt5XIe3x5+42+q1sDuy3R5MDk66URdLMOZe5aPX/SQd+kuYAh0FdP/pO28IkQyTeg=="
    }
  }
}
